
Microsoft Visual Studio Solution File, Format Version 12.00
# Visual Studio Version 18
VisualStudioVersion = 18.0.11217.181 d18.0
MinimumVisualStudioVersion = 10.0.40219.1
Project("{FAE04EC0-301F-11D3-BF4B-00C04F79EFBC}") = "ClinicPass.API", "ClinicPass.API\ClinicPass.API.csproj", "{BEDE265C-9ADB-4AAB-ACD4-6CC93293D62F}"
	ProjectSection(ProjectDependencies) = postProject
		{79407FFD-18AA-4DAE-ADA2-C747D6D112F7} = {79407FFD-18AA-4DAE-ADA2-C747D6D112F7}
	EndProjectSection
EndProject
Project("{FAE04EC0-301F-11D3-BF4B-00C04F79EFBC}") = "ClinicPass.BusinessLayer", "ClinicPass.BusinessLayer\ClinicPass.BusinessLayer.csproj", "{79407FFD-18AA-4DAE-ADA2-C747D6D112F7}"
EndProject
Project("{FAE04EC0-301F-11D3-BF4B-00C04F79EFBC}") = "ClinicPass.DataAccessLayer", "ClinicPass.DataAccessLayer\ClinicPass.DataAccessLayer.csproj", "{64E9C920-CE98-438E-8A82-352BA37E1EA4}"
EndProject
Global
	GlobalSection(SolutionConfigurationPlatforms) = preSolution
		Debug|Any CPU = Debug|Any CPU
		Release|Any CPU = Release|Any CPU
	EndGlobalSection
	GlobalSection(ProjectConfigurationPlatforms) = postSolution
		{BEDE265C-9ADB-4AAB-ACD4-6CC93293D62F}.Debug|Any CPU.ActiveCfg = Debug|Any CPU
		{BEDE265C-9ADB-4AAB-ACD4-6CC93293D62F}.Debug|Any CPU.Build.0 = Debug|Any CPU
		{BEDE265C-9ADB-4AAB-ACD4-6CC93293D62F}.Release|Any CPU.ActiveCfg = Release|Any CPU
		{BEDE265C-9ADB-4AAB-ACD4-6CC93293D62F}.Release|Any CPU.Build.0 = Release|Any CPU
		{79407FFD-18AA-4DAE-ADA2-C747D6D112F7}.Debug|Any CPU.ActiveCfg = Debug|Any CPU
		{79407FFD-18AA-4DAE-ADA2-C747D6D112F7}.Debug|Any CPU.Build.0 = Debug|Any CPU
		{79407FFD-18AA-4DAE-ADA2-C747D6D112F7}.Release|Any CPU.ActiveCfg = Release|Any CPU
		{79407FFD-18AA-4DAE-ADA2-C747D6D112F7}.Release|Any CPU.Build.0 = Release|Any CPU
		{64E9C920-CE98-438E-8A82-352BA37E1EA4}.Debug|Any CPU.ActiveCfg = Debug|Any CPU
		{64E9C920-CE98-438E-8A82-352BA37E1EA4}.Debug|Any CPU.Build.0 = Debug|Any CPU
		{64E9C920-CE98-438E-8A82-352BA37E1EA4}.Release|Any CPU.ActiveCfg = Release|Any CPU
		{64E9C920-CE98-438E-8A82-352BA37E1EA4}.Release|Any CPU.Build.0 = Release|Any CPU
	EndGlobalSection
	GlobalSection(SolutionProperties) = preSolution
		HideSolutionNode = FALSE
	EndGlobalSection
	GlobalSection(ExtensibilityGlobals) = postSolution
		SolutionGuid = {097C80CE-C1A4-4CFC-B7B2-8D51CA1F7218}
	EndGlobalSection
EndGlobal
